
Microsoft Visual Studio Solution File, Format Version 12.00
# Visual Studio 15
VisualStudioVersion = 15.0.27130.2024
MinimumVisualStudioVersion = 10.0.40219.1
Project("{FAE04EC0-301F-11D3-BF4B-00C04F79EFBC}") = "DecoratorExample", "DecoratorExample.csproj", "{7EAA78EC-78CB-458D-94BA-3799C1BB5B3A}"
EndProject
Project("{FAE04EC0-301F-11D3-BF4B-00C04F79EFBC}") = "Example.App", "..\Example.App\Example.App.csproj", "{DA298CAB-1B9F-4E01-B96E-8909123DD4CF}"
EndProject
Global
	GlobalSection(SolutionConfigurationPlatforms) = preSolution
		Debug|Any CPU = Debug|Any CPU
		Release|Any CPU = Release|Any CPU
	EndGlobalSection
	GlobalSection(ProjectConfigurationPlatforms) = postSolution
		{7EAA78EC-78CB-458D-94BA-3799C1BB5B3A}.Debug|Any CPU.ActiveCfg = Debug|Any CPU
		{7EAA78EC-78CB-458D-94BA-3799C1BB5B3A}.Debug|Any CPU.Build.0 = Debug|Any CPU
		{7EAA78EC-78CB-458D-94BA-3799C1BB5B3A}.Release|Any CPU.ActiveCfg = Release|Any CPU
		{7EAA78EC-78CB-458D-94BA-3799C1BB5B3A}.Release|Any CPU.Build.0 = Release|Any CPU
		{DA298CAB-1B9F-4E01-B96E-8909123DD4CF}.Debug|Any CPU.ActiveCfg = Debug|Any CPU
		{DA298CAB-1B9F-4E01-B96E-8909123DD4CF}.Debug|Any CPU.Build.0 = Debug|Any CPU
		{DA298CAB-1B9F-4E01-B96E-8909123DD4CF}.Release|Any CPU.ActiveCfg = Release|Any CPU
		{DA298CAB-1B9F-4E01-B96E-8909123DD4CF}.Release|Any CPU.Build.0 = Release|Any CPU
	EndGlobalSection
	GlobalSection(SolutionProperties) = preSolution
		HideSolutionNode = FALSE
	EndGlobalSection
	GlobalSection(ExtensibilityGlobals) = postSolution
		SolutionGuid = {DC1E28DF-28BE-4F59-9F32-CD8D5B070189}
	EndGlobalSection
EndGlobal
